
Microsoft Visual Studio Solution File, Format Version 12.00
# Visual Studio Version 16
VisualStudioVersion = 16.0.28803.352
MinimumVisualStudioVersion = 10.0.40219.1
Project("{9A19103F-16F7-4668-BE54-9A1E7A4F7556}") = "TaskManagmentSystem.Web", "src\TaskManagmentSystem.Web\TaskManagmentSystem.Web.csproj", "{5522401D-0699-49D9-BA72-88281A7A9FBB}"
EndProject
Project("{9A19103F-16F7-4668-BE54-9A1E7A4F7556}") = "TaskManagmentSystem.Infrastructure", "src\TaskManagmentSystem.Infrastructure\TaskManagmentSystem.Infrastructure.csproj", "{FDC0DC05-664A-4906-BEF8-90E96B245D6B}"
EndProject
Project("{9A19103F-16F7-4668-BE54-9A1E7A4F7556}") = "TaskManagmentSystem.Core", "src\TaskManagmentSystem.Core\TaskManagmentSystem.Core.csproj", "{2A3C809C-2E8D-4DD5-B20B-80F3E68D8C70}"
EndProject
Project("{9A19103F-16F7-4668-BE54-9A1E7A4F7556}") = "TaskManagmentSystem.Common", "src\TaskManagmentSystem.Common\TaskManagmentSystem.Common.csproj", "{CB6BBD10-85A3-4673-998F-67BC47F3B805}"
EndProject
Project("{FAE04EC0-301F-11D3-BF4B-00C04F79EFBC}") = "TaskManagmentSystem.Tests", "src\TaskManagmentSystem.Tests\TaskManagmentSystem.Tests.csproj", "{8B5DD1E6-5357-415D-9242-3A0FA02A6546}"
EndProject
Global
	GlobalSection(SolutionConfigurationPlatforms) = preSolution
		Debug|Any CPU = Debug|Any CPU
		Release|Any CPU = Release|Any CPU
	EndGlobalSection
	GlobalSection(ProjectConfigurationPlatforms) = postSolution
		{5522401D-0699-49D9-BA72-88281A7A9FBB}.Debug|Any CPU.ActiveCfg = Debug|Any CPU
		{5522401D-0699-49D9-BA72-88281A7A9FBB}.Debug|Any CPU.Build.0 = Debug|Any CPU
		{5522401D-0699-49D9-BA72-88281A7A9FBB}.Release|Any CPU.ActiveCfg = Release|Any CPU
		{5522401D-0699-49D9-BA72-88281A7A9FBB}.Release|Any CPU.Build.0 = Release|Any CPU
		{FDC0DC05-664A-4906-BEF8-90E96B245D6B}.Debug|Any CPU.ActiveCfg = Debug|Any CPU
		{FDC0DC05-664A-4906-BEF8-90E96B245D6B}.Debug|Any CPU.Build.0 = Debug|Any CPU
		{FDC0DC05-664A-4906-BEF8-90E96B245D6B}.Release|Any CPU.ActiveCfg = Release|Any CPU
		{FDC0DC05-664A-4906-BEF8-90E96B245D6B}.Release|Any CPU.Build.0 = Release|Any CPU
		{2A3C809C-2E8D-4DD5-B20B-80F3E68D8C70}.Debug|Any CPU.ActiveCfg = Debug|Any CPU
		{2A3C809C-2E8D-4DD5-B20B-80F3E68D8C70}.Debug|Any CPU.Build.0 = Debug|Any CPU
		{2A3C809C-2E8D-4DD5-B20B-80F3E68D8C70}.Release|Any CPU.ActiveCfg = Release|Any CPU
		{2A3C809C-2E8D-4DD5-B20B-80F3E68D8C70}.Release|Any CPU.Build.0 = Release|Any CPU
		{CB6BBD10-85A3-4673-998F-67BC47F3B805}.Debug|Any CPU.ActiveCfg = Debug|Any CPU
		{CB6BBD10-85A3-4673-998F-67BC47F3B805}.Debug|Any CPU.Build.0 = Debug|Any CPU
		{CB6BBD10-85A3-4673-998F-67BC47F3B805}.Release|Any CPU.ActiveCfg = Release|Any CPU
		{CB6BBD10-85A3-4673-998F-67BC47F3B805}.Release|Any CPU.Build.0 = Release|Any CPU
		{8B5DD1E6-5357-415D-9242-3A0FA02A6546}.Debug|Any CPU.ActiveCfg = Debug|Any CPU
		{8B5DD1E6-5357-415D-9242-3A0FA02A6546}.Debug|Any CPU.Build.0 = Debug|Any CPU
		{8B5DD1E6-5357-415D-9242-3A0FA02A6546}.Release|Any CPU.ActiveCfg = Release|Any CPU
		{8B5DD1E6-5357-415D-9242-3A0FA02A6546}.Release|Any CPU.Build.0 = Release|Any CPU
	EndGlobalSection
	GlobalSection(SolutionProperties) = preSolution
		HideSolutionNode = FALSE
	EndGlobalSection
	GlobalSection(ExtensibilityGlobals) = postSolution
		SolutionGuid = {EF14E186-E01B-4118-BF4C-4B196029FBB4}
	EndGlobalSection
EndGlobal
